# THIS IS AN AUTOGENERATED FILE. DO NOT EDIT THIS FILE DIRECTLY.
# yarn lockfile v1


ar-gql@^1.2.1:
  version "1.2.1"
  resolved "https://registry.yarnpkg.com/ar-gql/-/ar-gql-1.2.1.tgz#88dc69cc7a693d281e7701cdced36a86340ab8b9"
  integrity sha512-RohtaeXYAbxeapYSYdbP5e38N24Cg1kaBR8X7F4fXBvkvXIdqD/ZtRhL0qPG8gMJb0TSxEvNOKMzy6sJFy/FUA==
